
Microsoft Visual Studio Solution File, Format Version 12.00
# Visual Studio Version 16
VisualStudioVersion = 16.0.31321.278
MinimumVisualStudioVersion = 10.0.40219.1
Project("{9A19103F-16F7-4668-BE54-9A1E7A4F7556}") = "HybridRocksCases", "HybridRocksCases\HybridRocksCases.csproj", "{28578230-5493-4F41-8527-69CEF1FB2E85}"
EndProject
Global
	GlobalSection(SolutionConfigurationPlatforms) = preSolution
		Debug|Any CPU = Debug|Any CPU
		Release|Any CPU = Release|Any CPU
	EndGlobalSection
	GlobalSection(ProjectConfigurationPlatforms) = postSolution
		{28578230-5493-4F41-8527-69CEF1FB2E85}.Debug|Any CPU.ActiveCfg = Debug|Any CPU
		{28578230-5493-4F41-8527-69CEF1FB2E85}.Debug|Any CPU.Build.0 = Debug|Any CPU
		{28578230-5493-4F41-8527-69CEF1FB2E85}.Release|Any CPU.ActiveCfg = Release|Any CPU
		{28578230-5493-4F41-8527-69CEF1FB2E85}.Release|Any CPU.Build.0 = Release|Any CPU
	EndGlobalSection
	GlobalSection(SolutionProperties) = preSolution
		HideSolutionNode = FALSE
	EndGlobalSection
	GlobalSection(ExtensibilityGlobals) = postSolution
		SolutionGuid = {EA250588-18DC-4F2E-966C-7D3587A6D089}
	EndGlobalSection
EndGlobal
